{
  "name": "jsx-builder",
  "version": "1.0.0",
  "lockfileVersion": 2,
  "requires": true,
  "packages": {
    "": {
      "name": "jsx-builder",
      "version": "1.0.0",
      "license": "ISC",
      "dependencies": {
        "observable-slim": "^0.1.6"
      }
    },
    "node_modules/observable-slim": {
      "version": "0.1.6",
      "resolved": "https://registry.npmjs.org/observable-slim/-/observable-slim-0.1.6.tgz",
      "integrity": "sha512-a6xYwLaJgGxPxm5tBdKrGSNxiYklbshjlAJE0Nm7iHTMMrkKWvUG63QUhn4urMl5/aPLHIVouh0B3CktyU664w=="
    }
  },
  "dependencies": {
    "observable-slim": {
      "version": "0.1.6",
      "resolved": "https://registry.npmjs.org/observable-slim/-/observable-slim-0.1.6.tgz",
      "integrity": "sha512-a6xYwLaJgGxPxm5tBdKrGSNxiYklbshjlAJE0Nm7iHTMMrkKWvUG63QUhn4urMl5/aPLHIVouh0B3CktyU664w=="
    }
  }
}
